
Microsoft Visual Studio Solution File, Format Version 12.00
# Visual Studio Version 17
VisualStudioVersion = 17.9.34607.119
MinimumVisualStudioVersion = 10.0.40219.1
Project("{FAE04EC0-301F-11D3-BF4B-00C04F79EFBC}") = "Benjamin.RetailPriceCalculator", "Benjamin.RetailPriceCalculator\Benjamin.RetailPriceCalculator.csproj", "{210F827B-B120-4F06-80FA-FF3633A2AD92}"
EndProject
Global
	GlobalSection(SolutionConfigurationPlatforms) = preSolution
		Debug|Any CPU = Debug|Any CPU
		Release|Any CPU = Release|Any CPU
	EndGlobalSection
	GlobalSection(ProjectConfigurationPlatforms) = postSolution
		{210F827B-B120-4F06-80FA-FF3633A2AD92}.Debug|Any CPU.ActiveCfg = Debug|Any CPU
		{210F827B-B120-4F06-80FA-FF3633A2AD92}.Debug|Any CPU.Build.0 = Debug|Any CPU
		{210F827B-B120-4F06-80FA-FF3633A2AD92}.Release|Any CPU.ActiveCfg = Release|Any CPU
		{210F827B-B120-4F06-80FA-FF3633A2AD92}.Release|Any CPU.Build.0 = Release|Any CPU
	EndGlobalSection
	GlobalSection(SolutionProperties) = preSolution
		HideSolutionNode = FALSE
	EndGlobalSection
	GlobalSection(ExtensibilityGlobals) = postSolution
		SolutionGuid = {5D1E19AF-6FE5-4282-A179-7E1757ACD687}
	EndGlobalSection
EndGlobal
